
Microsoft Visual Studio Solution File, Format Version 12.00
# Visual Studio 2012
Project("{FAE04EC0-301F-11D3-BF4B-00C04F79EFBC}") = "BigFileReader", "BigFileReader\BigFileReader.csproj", "{AC9DE047-9F48-425D-A6E8-640A07580117}"
EndProject
Global
	GlobalSection(SolutionConfigurationPlatforms) = preSolution
		Debug|Any CPU = Debug|Any CPU
		Release|Any CPU = Release|Any CPU
	EndGlobalSection
	GlobalSection(ProjectConfigurationPlatforms) = postSolution
		{AC9DE047-9F48-425D-A6E8-640A07580117}.Debug|Any CPU.ActiveCfg = Debug|Any CPU
		{AC9DE047-9F48-425D-A6E8-640A07580117}.Debug|Any CPU.Build.0 = Debug|Any CPU
		{AC9DE047-9F48-425D-A6E8-640A07580117}.Release|Any CPU.ActiveCfg = Release|Any CPU
		{AC9DE047-9F48-425D-A6E8-640A07580117}.Release|Any CPU.Build.0 = Release|Any CPU
	EndGlobalSection
	GlobalSection(SolutionProperties) = preSolution
		HideSolutionNode = FALSE
	EndGlobalSection
EndGlobal
